
Microsoft Visual Studio Solution File, Format Version 12.00
# Visual Studio Version 17
VisualStudioVersion = 17.14.36327.8
MinimumVisualStudioVersion = 10.0.40219.1
Project("{FAE04EC0-301F-11D3-BF4B-00C04F79EFBC}") = "YapayZeka", "YapayZeka\YapayZeka.csproj", "{BF7710DF-D963-47FE-B680-2E2DDE3FB09D}"
EndProject
Global
	GlobalSection(SolutionConfigurationPlatforms) = preSolution
		Debug|Any CPU = Debug|Any CPU
		Release|Any CPU = Release|Any CPU
	EndGlobalSection
	GlobalSection(ProjectConfigurationPlatforms) = postSolution
		{BF7710DF-D963-47FE-B680-2E2DDE3FB09D}.Debug|Any CPU.ActiveCfg = Debug|Any CPU
		{BF7710DF-D963-47FE-B680-2E2DDE3FB09D}.Debug|Any CPU.Build.0 = Debug|Any CPU
		{BF7710DF-D963-47FE-B680-2E2DDE3FB09D}.Release|Any CPU.ActiveCfg = Release|Any CPU
		{BF7710DF-D963-47FE-B680-2E2DDE3FB09D}.Release|Any CPU.Build.0 = Release|Any CPU
	EndGlobalSection
	GlobalSection(SolutionProperties) = preSolution
		HideSolutionNode = FALSE
	EndGlobalSection
	GlobalSection(ExtensibilityGlobals) = postSolution
		SolutionGuid = {52DD00D4-E2C0-4C83-8BA5-8603A601B7B8}
	EndGlobalSection
EndGlobal
